
Microsoft Visual Studio Solution File, Format Version 12.00
# Visual Studio 14
VisualStudioVersion = 14.0.25420.1
MinimumVisualStudioVersion = 10.0.40219.1
Project("{FAE04EC0-301F-11D3-BF4B-00C04F79EFBC}") = "ToDoExemple", "ToDoExemple\ToDoExemple.csproj", "{715FEDC7-97D0-4BCD-82A5-359CD5BF8C90}"
EndProject
Project("{FAE04EC0-301F-11D3-BF4B-00C04F79EFBC}") = "DataBase_First", "DataBase_First\DataBase_First.csproj", "{71E4CB44-255B-4417-8F37-253536B68A60}"
EndProject
Project("{FAE04EC0-301F-11D3-BF4B-00C04F79EFBC}") = "Globalization", "Globalization\Globalization.csproj", "{585CC4B3-EE48-4E3C-94E6-7CBB9AEF5391}"
EndProject
Project("{FAE04EC0-301F-11D3-BF4B-00C04F79EFBC}") = "UnitTestToDoExemple", "UnitTestToDoExemple\UnitTestToDoExemple.csproj", "{4C0C4808-589C-4C89-9F22-3309CBB14C07}"
EndProject
Global
	GlobalSection(SolutionConfigurationPlatforms) = preSolution
		Debug|Any CPU = Debug|Any CPU
		Release|Any CPU = Release|Any CPU
	EndGlobalSection
	GlobalSection(ProjectConfigurationPlatforms) = postSolution
		{715FEDC7-97D0-4BCD-82A5-359CD5BF8C90}.Debug|Any CPU.ActiveCfg = Debug|Any CPU
		{715FEDC7-97D0-4BCD-82A5-359CD5BF8C90}.Debug|Any CPU.Build.0 = Debug|Any CPU
		{715FEDC7-97D0-4BCD-82A5-359CD5BF8C90}.Release|Any CPU.ActiveCfg = Release|Any CPU
		{715FEDC7-97D0-4BCD-82A5-359CD5BF8C90}.Release|Any CPU.Build.0 = Release|Any CPU
		{71E4CB44-255B-4417-8F37-253536B68A60}.Debug|Any CPU.ActiveCfg = Debug|Any CPU
		{71E4CB44-255B-4417-8F37-253536B68A60}.Debug|Any CPU.Build.0 = Debug|Any CPU
		{71E4CB44-255B-4417-8F37-253536B68A60}.Release|Any CPU.ActiveCfg = Release|Any CPU
		{71E4CB44-255B-4417-8F37-253536B68A60}.Release|Any CPU.Build.0 = Release|Any CPU
		{585CC4B3-EE48-4E3C-94E6-7CBB9AEF5391}.Debug|Any CPU.ActiveCfg = Debug|Any CPU
		{585CC4B3-EE48-4E3C-94E6-7CBB9AEF5391}.Debug|Any CPU.Build.0 = Debug|Any CPU
		{585CC4B3-EE48-4E3C-94E6-7CBB9AEF5391}.Release|Any CPU.ActiveCfg = Release|Any CPU
		{585CC4B3-EE48-4E3C-94E6-7CBB9AEF5391}.Release|Any CPU.Build.0 = Release|Any CPU
		{4C0C4808-589C-4C89-9F22-3309CBB14C07}.Debug|Any CPU.ActiveCfg = Debug|Any CPU
		{4C0C4808-589C-4C89-9F22-3309CBB14C07}.Debug|Any CPU.Build.0 = Debug|Any CPU
		{4C0C4808-589C-4C89-9F22-3309CBB14C07}.Release|Any CPU.ActiveCfg = Release|Any CPU
		{4C0C4808-589C-4C89-9F22-3309CBB14C07}.Release|Any CPU.Build.0 = Release|Any CPU
	EndGlobalSection
	GlobalSection(SolutionProperties) = preSolution
		HideSolutionNode = FALSE
	EndGlobalSection
EndGlobal
